
Microsoft Visual Studio Solution File, Format Version 12.00
# Visual Studio Version 17
VisualStudioVersion = 17.6.33815.320
MinimumVisualStudioVersion = 10.0.40219.1
Project("{2150E333-8FDC-42A3-9474-1A3956D46DE8}") = "Console", "Console", "{42D92E6E-7CE4-4B04-A413-767964C1B674}"
EndProject
Project("{2150E333-8FDC-42A3-9474-1A3956D46DE8}") = "UnitTest", "UnitTest", "{D29DB15C-9945-4C9F-B002-75F27715FBD5}"
EndProject
Project("{2150E333-8FDC-42A3-9474-1A3956D46DE8}") = "Library", "Library", "{73AE900D-FA4C-4270-BB95-45D792DA5410}"
EndProject
Project("{9A19103F-16F7-4668-BE54-9A1E7A4F7556}") = "EUtility.ConsoleEx.Message", "src\console\EUtility.ConsoleEx.BottomMessage\EUtility.ConsoleEx.BottomMessage.csproj", "{69DCA039-C79D-4E1E-BDF5-EAA00D54A14B}"
EndProject
Project("{9A19103F-16F7-4668-BE54-9A1E7A4F7556}") = "EUtility.ConsoleEx.Menu", "src\console\EUtility.ConsoleEx.Menu\EUtility.ConsoleEx.Menu.csproj", "{55DEF277-300B-40C6-8C69-8FEC98610643}"
EndProject
Project("{9A19103F-16F7-4668-BE54-9A1E7A4F7556}") = "EUtility.ConsoleEx.Message.UnitTest", "test\tests\EUtility.ConsoleEx.BottomMessage.UnitTest\EUtility.ConsoleEx.BottomMessage.UnitTest.csproj", "{3B23908B-4ECE-4CCC-A5C2-AC7455E666EA}"
EndProject
Project("{2150E333-8FDC-42A3-9474-1A3956D46DE8}") = "UnitTestLib", "UnitTestLib", "{6C624FEB-2B77-4B43-9144-720566ECD3F6}"
EndProject
Project("{9A19103F-16F7-4668-BE54-9A1E7A4F7556}") = "EUtility.UnitTestLib.LogTest", "test\lib\EUtility.UnitTestLib.LogTest\EUtility.UnitTestLib.LogTest.csproj", "{9EB3AAA2-5171-4DAA-8564-5052F68CA401}"
EndProject
Project("{9A19103F-16F7-4668-BE54-9A1E7A4F7556}") = "EUtility.UnitTestLib.ObjectProperty", "test\lib\EUtility.UnitTestLib.ObjectProperty\EUtility.UnitTestLib.ObjectProperty.csproj", "{2E8E4E05-8D95-4B15-9ADC-91E695794862}"
EndProject
Project("{2150E333-8FDC-42A3-9474-1A3956D46DE8}") = "Value", "Value", "{A93AFC75-089F-43C9-8ED3-2B1589715566}"
EndProject
Project("{9A19103F-16F7-4668-BE54-9A1E7A4F7556}") = "EUtility.StringEx.StringExtension", "src\value\EUtility.StringEx.StringExtension\EUtility.StringEx.StringExtension.csproj", "{747EAF00-E8AF-4D49-9918-C4B5D901693E}"
EndProject
Project("{2150E333-8FDC-42A3-9474-1A3956D46DE8}") = "Convert", "Convert", "{9841C93B-6235-45A9-9A21-C99E46079EED}"
EndProject
Project("{9A19103F-16F7-4668-BE54-9A1E7A4F7556}") = "EUtility.ConvertEx.Convert", "src\value\EUtility.ConvertEx.Convert\EUtility.ConvertEx.Convert.csproj", "{3A5505AA-0C58-445F-9F26-140D0F099B2E}"
EndProject
Project("{2150E333-8FDC-42A3-9474-1A3956D46DE8}") = "WinUI", "WinUI", "{E51507D6-BD5C-4625-9195-3E30DE592A45}"
EndProject
Project("{9A19103F-16F7-4668-BE54-9A1E7A4F7556}") = "EUtility.WinUI.Dialogs", "src\winui\EUtility.WinUI.Dialogs\EUtility.WinUI.Dialogs.csproj", "{F97073FD-C7C3-438B-A48F-09CD2D25F222}"
EndProject
Project("{9A19103F-16F7-4668-BE54-9A1E7A4F7556}") = "EUtility.WinUI.Controls", "src\winui\EUtility.WinUI.Controls\EUtility.WinUI.Controls.csproj", "{3BBECF5E-4FF0-457F-8EB6-EC300445BE19}"
EndProject
Project("{2150E333-8FDC-42A3-9474-1A3956D46DE8}") = "Controls", "Controls", "{8B880D84-2B97-4B61-AC77-7231782BFB19}"
EndProject
Project("{2150E333-8FDC-42A3-9474-1A3956D46DE8}") = "Test", "Test", "{9C36B32E-9960-4E73-85C6-B96A0045D18C}"
EndProject
Project("{9A19103F-16F7-4668-BE54-9A1E7A4F7556}") = "EUtility.Controls.Test", "test\tests\EUtility.Controls.Test\EUtility.Controls.Test.csproj", "{3EA67683-E4F9-46D2-B0DB-FB9B60BCA738}"
EndProject
Project("{2150E333-8FDC-42A3-9474-1A3956D46DE8}") = "RegisterEx", "RegisterEx", "{A264206B-C535-4034-B791-5ED3D7A2FBEC}"
EndProject
Project("{9A19103F-16F7-4668-BE54-9A1E7A4F7556}") = "EUtility.RegisterEx", "src\register\EUtility.RegisterEx\EUtility.RegisterEx.csproj", "{3964875C-B05C-4F45-A51A-A8686D56595C}"
EndProject
Project("{9A19103F-16F7-4668-BE54-9A1E7A4F7556}") = "EUtilityCommon", "src\EUtilityCommon\EUtilityCommon.csproj", "{D7007CAB-C1BF-485A-8B68-8432CF6B34D3}"
EndProject
Project("{9A19103F-16F7-4668-BE54-9A1E7A4F7556}") = "EUtility.WinUI.Helpers", "src\winui\EUtility.WinUI.Helpers\EUtility.WinUI.Helpers.csproj", "{9A828B7F-F47E-4B50-B9CB-427F8347B469}"
EndProject
Project("{9A19103F-16F7-4668-BE54-9A1E7A4F7556}") = "EUtility.ValueEx", "src\value\EUtility.ValueEx\EUtility.ValueEx.csproj", "{68EBC56D-AE92-4C02-B003-2EEAAFD06E69}"
EndProject
Project("{9A19103F-16F7-4668-BE54-9A1E7A4F7556}") = "EUtility.Data", "src\data\EUtility.Data\EUtility.Data.csproj", "{0AA679FD-AD37-4AF3-8E0A-3674F290F2F4}"
EndProject
Project("{2150E333-8FDC-42A3-9474-1A3956D46DE8}") = "Data", "Data", "{5755C057-0BAF-4E16-BB27-00FD9757D965}"
EndProject
Project("{9A19103F-16F7-4668-BE54-9A1E7A4F7556}") = "EUtility.LowOperations", "src\data\EUtility.LowOperations\EUtility.LowOperations.csproj", "{01A5011B-5DA7-45B7-8FA9-6160DD6BFB7F}"
EndProject
Project("{9A19103F-16F7-4668-BE54-9A1E7A4F7556}") = "EUtility.Numeric", "src\value\EUtility.Numeric\EUtility.Numeric.csproj", "{DF9C381E-7588-43A0-BB67-87B5AA7360D5}"
EndProject
Project("{2150E333-8FDC-42A3-9474-1A3956D46DE8}") = "Test", "Test", "{CC0529B0-7AD3-47D6-B0E1-7AED54B122B8}"
EndProject
Project("{FAE04EC0-301F-11D3-BF4B-00C04F79EFBC}") = "EUtility.ValueEx.Test", "test\tests\EUtility.ValueEx.Test\EUtility.ValueEx.Test.csproj", "{CF371970-08AA-4634-BD52-A9C9D12376C6}"
EndProject
Global
	GlobalSection(SolutionConfigurationPlatforms) = preSolution
		Debug|Any CPU = Debug|Any CPU
		Debug|ARM64 = Debug|ARM64
		Debug|x64 = Debug|x64
		Debug|x86 = Debug|x86
		Release|Any CPU = Release|Any CPU
		Release|ARM64 = Release|ARM64
		Release|x64 = Release|x64
		Release|x86 = Release|x86
	EndGlobalSection
	GlobalSection(ProjectConfigurationPlatforms) = postSolution
		{69DCA039-C79D-4E1E-BDF5-EAA00D54A14B}.Debug|Any CPU.ActiveCfg = Debug|Any CPU
		{69DCA039-C79D-4E1E-BDF5-EAA00D54A14B}.Debug|Any CPU.Build.0 = Debug|Any CPU
		{69DCA039-C79D-4E1E-BDF5-EAA00D54A14B}.Debug|ARM64.ActiveCfg = Debug|Any CPU
		{69DCA039-C79D-4E1E-BDF5-EAA00D54A14B}.Debug|ARM64.Build.0 = Debug|Any CPU
		{69DCA039-C79D-4E1E-BDF5-EAA00D54A14B}.Debug|x64.ActiveCfg = Debug|Any CPU
		{69DCA039-C79D-4E1E-BDF5-EAA00D54A14B}.Debug|x64.Build.0 = Debug|Any CPU
		{69DCA039-C79D-4E1E-BDF5-EAA00D54A14B}.Debug|x86.ActiveCfg = Debug|Any CPU
		{69DCA039-C79D-4E1E-BDF5-EAA00D54A14B}.Debug|x86.Build.0 = Debug|Any CPU
		{69DCA039-C79D-4E1E-BDF5-EAA00D54A14B}.Release|Any CPU.ActiveCfg = Release|Any CPU
		{69DCA039-C79D-4E1E-BDF5-EAA00D54A14B}.Release|Any CPU.Build.0 = Release|Any CPU
		{69DCA039-C79D-4E1E-BDF5-EAA00D54A14B}.Release|ARM64.ActiveCfg = Release|Any CPU
		{69DCA039-C79D-4E1E-BDF5-EAA00D54A14B}.Release|ARM64.Build.0 = Release|Any CPU
		{69DCA039-C79D-4E1E-BDF5-EAA00D54A14B}.Release|x64.ActiveCfg = Release|Any CPU
		{69DCA039-C79D-4E1E-BDF5-EAA00D54A14B}.Release|x64.Build.0 = Release|Any CPU
		{69DCA039-C79D-4E1E-BDF5-EAA00D54A14B}.Release|x86.ActiveCfg = Release|Any CPU
		{69DCA039-C79D-4E1E-BDF5-EAA00D54A14B}.Release|x86.Build.0 = Release|Any CPU
		{55DEF277-300B-40C6-8C69-8FEC98610643}.Debug|Any CPU.ActiveCfg = Debug|Any CPU
		{55DEF277-300B-40C6-8C69-8FEC98610643}.Debug|Any CPU.Build.0 = Debug|Any CPU
		{55DEF277-300B-40C6-8C69-8FEC98610643}.Debug|ARM64.ActiveCfg = Debug|Any CPU
		{55DEF277-300B-40C6-8C69-8FEC98610643}.Debug|ARM64.Build.0 = Debug|Any CPU
		{55DEF277-300B-40C6-8C69-8FEC98610643}.Debug|x64.ActiveCfg = Debug|Any CPU
		{55DEF277-300B-40C6-8C69-8FEC98610643}.Debug|x64.Build.0 = Debug|Any CPU
		{55DEF277-300B-40C6-8C69-8FEC98610643}.Debug|x86.ActiveCfg = Debug|Any CPU
		{55DEF277-300B-40C6-8C69-8FEC98610643}.Debug|x86.Build.0 = Debug|Any CPU
		{55DEF277-300B-40C6-8C69-8FEC98610643}.Release|Any CPU.ActiveCfg = Release|Any CPU
		{55DEF277-300B-40C6-8C69-8FEC98610643}.Release|Any CPU.Build.0 = Release|Any CPU
		{55DEF277-300B-40C6-8C69-8FEC98610643}.Release|ARM64.ActiveCfg = Release|Any CPU
		{55DEF277-300B-40C6-8C69-8FEC98610643}.Release|ARM64.Build.0 = Release|Any CPU
		{55DEF277-300B-40C6-8C69-8FEC98610643}.Release|x64.ActiveCfg = Release|Any CPU
		{55DEF277-300B-40C6-8C69-8FEC98610643}.Release|x64.Build.0 = Release|Any CPU
		{55DEF277-300B-40C6-8C69-8FEC98610643}.Release|x86.ActiveCfg = Release|Any CPU
		{55DEF277-300B-40C6-8C69-8FEC98610643}.Release|x86.Build.0 = Release|Any CPU
		{3B23908B-4ECE-4CCC-A5C2-AC7455E666EA}.Debug|Any CPU.ActiveCfg = Debug|Any CPU
		{3B23908B-4ECE-4CCC-A5C2-AC7455E666EA}.Debug|Any CPU.Build.0 = Debug|Any CPU
		{3B23908B-4ECE-4CCC-A5C2-AC7455E666EA}.Debug|ARM64.ActiveCfg = Debug|Any CPU
		{3B23908B-4ECE-4CCC-A5C2-AC7455E666EA}.Debug|ARM64.Build.0 = Debug|Any CPU
		{3B23908B-4ECE-4CCC-A5C2-AC7455E666EA}.Debug|x64.ActiveCfg = Debug|Any CPU
		{3B23908B-4ECE-4CCC-A5C2-AC7455E666EA}.Debug|x64.Build.0 = Debug|Any CPU
		{3B23908B-4ECE-4CCC-A5C2-AC7455E666EA}.Debug|x86.ActiveCfg = Debug|Any CPU
		{3B23908B-4ECE-4CCC-A5C2-AC7455E666EA}.Debug|x86.Build.0 = Debug|Any CPU
		{3B23908B-4ECE-4CCC-A5C2-AC7455E666EA}.Release|Any CPU.ActiveCfg = Release|Any CPU
		{3B23908B-4ECE-4CCC-A5C2-AC7455E666EA}.Release|Any CPU.Build.0 = Release|Any CPU
		{3B23908B-4ECE-4CCC-A5C2-AC7455E666EA}.Release|ARM64.ActiveCfg = Release|Any CPU
		{3B23908B-4ECE-4CCC-A5C2-AC7455E666EA}.Release|ARM64.Build.0 = Release|Any CPU
		{3B23908B-4ECE-4CCC-A5C2-AC7455E666EA}.Release|x64.ActiveCfg = Release|Any CPU
		{3B23908B-4ECE-4CCC-A5C2-AC7455E666EA}.Release|x64.Build.0 = Release|Any CPU
		{3B23908B-4ECE-4CCC-A5C2-AC7455E666EA}.Release|x86.ActiveCfg = Release|Any CPU
		{3B23908B-4ECE-4CCC-A5C2-AC7455E666EA}.Release|x86.Build.0 = Release|Any CPU
		{9EB3AAA2-5171-4DAA-8564-5052F68CA401}.Debug|Any CPU.ActiveCfg = Debug|Any CPU
		{9EB3AAA2-5171-4DAA-8564-5052F68CA401}.Debug|Any CPU.Build.0 = Debug|Any CPU
		{9EB3AAA2-5171-4DAA-8564-5052F68CA401}.Debug|ARM64.ActiveCfg = Debug|Any CPU
		{9EB3AAA2-5171-4DAA-8564-5052F68CA401}.Debug|ARM64.Build.0 = Debug|Any CPU
		{9EB3AAA2-5171-4DAA-8564-5052F68CA401}.Debug|x64.ActiveCfg = Debug|Any CPU
		{9EB3AAA2-5171-4DAA-8564-5052F68CA401}.Debug|x64.Build.0 = Debug|Any CPU
		{9EB3AAA2-5171-4DAA-8564-5052F68CA401}.Debug|x86.ActiveCfg = Debug|Any CPU
		{9EB3AAA2-5171-4DAA-8564-5052F68CA401}.Debug|x86.Build.0 = Debug|Any CPU
		{9EB3AAA2-5171-4DAA-8564-5052F68CA401}.Release|Any CPU.ActiveCfg = Release|Any CPU
		{9EB3AAA2-5171-4DAA-8564-5052F68CA401}.Release|Any CPU.Build.0 = Release|Any CPU
		{9EB3AAA2-5171-4DAA-8564-5052F68CA401}.Release|ARM64.ActiveCfg = Release|Any CPU
		{9EB3AAA2-5171-4DAA-8564-5052F68CA401}.Release|ARM64.Build.0 = Release|Any CPU
		{9EB3AAA2-5171-4DAA-8564-5052F68CA401}.Release|x64.ActiveCfg = Release|Any CPU
		{9EB3AAA2-5171-4DAA-8564-5052F68CA401}.Release|x64.Build.0 = Release|Any CPU
		{9EB3AAA2-5171-4DAA-8564-5052F68CA401}.Release|x86.ActiveCfg = Release|Any CPU
		{9EB3AAA2-5171-4DAA-8564-5052F68CA401}.Release|x86.Build.0 = Release|Any CPU
		{2E8E4E05-8D95-4B15-9ADC-91E695794862}.Debug|Any CPU.ActiveCfg = Debug|Any CPU
		{2E8E4E05-8D95-4B15-9ADC-91E695794862}.Debug|Any CPU.Build.0 = Debug|Any CPU
		{2E8E4E05-8D95-4B15-9ADC-91E695794862}.Debug|ARM64.ActiveCfg = Debug|Any CPU
		{2E8E4E05-8D95-4B15-9ADC-91E695794862}.Debug|ARM64.Build.0 = Debug|Any CPU
		{2E8E4E05-8D95-4B15-9ADC-91E695794862}.Debug|x64.ActiveCfg = Debug|Any CPU
		{2E8E4E05-8D95-4B15-9ADC-91E695794862}.Debug|x64.Build.0 = Debug|Any CPU
		{2E8E4E05-8D95-4B15-9ADC-91E695794862}.Debug|x86.ActiveCfg = Debug|Any CPU
		{2E8E4E05-8D95-4B15-9ADC-91E695794862}.Debug|x86.Build.0 = Debug|Any CPU
		{2E8E4E05-8D95-4B15-9ADC-91E695794862}.Release|Any CPU.ActiveCfg = Release|Any CPU
		{2E8E4E05-8D95-4B15-9ADC-91E695794862}.Release|Any CPU.Build.0 = Release|Any CPU
		{2E8E4E05-8D95-4B15-9ADC-91E695794862}.Release|ARM64.ActiveCfg = Release|Any CPU
		{2E8E4E05-8D95-4B15-9ADC-91E695794862}.Release|ARM64.Build.0 = Release|Any CPU
		{2E8E4E05-8D95-4B15-9ADC-91E695794862}.Release|x64.ActiveCfg = Release|Any CPU
		{2E8E4E05-8D95-4B15-9ADC-91E695794862}.Release|x64.Build.0 = Release|Any CPU
		{2E8E4E05-8D95-4B15-9ADC-91E695794862}.Release|x86.ActiveCfg = Release|Any CPU
		{2E8E4E05-8D95-4B15-9ADC-91E695794862}.Release|x86.Build.0 = Release|Any CPU
		{747EAF00-E8AF-4D49-9918-C4B5D901693E}.Debug|Any CPU.ActiveCfg = Debug|Any CPU
		{747EAF00-E8AF-4D49-9918-C4B5D901693E}.Debug|Any CPU.Build.0 = Debug|Any CPU
		{747EAF00-E8AF-4D49-9918-C4B5D901693E}.Debug|ARM64.ActiveCfg = Debug|Any CPU
		{747EAF00-E8AF-4D49-9918-C4B5D901693E}.Debug|ARM64.Build.0 = Debug|Any CPU
		{747EAF00-E8AF-4D49-9918-C4B5D901693E}.Debug|x64.ActiveCfg = Debug|Any CPU
		{747EAF00-E8AF-4D49-9918-C4B5D901693E}.Debug|x64.Build.0 = Debug|Any CPU
		{747EAF00-E8AF-4D49-9918-C4B5D901693E}.Debug|x86.ActiveCfg = Debug|Any CPU
		{747EAF00-E8AF-4D49-9918-C4B5D901693E}.Debug|x86.Build.0 = Debug|Any CPU
		{747EAF00-E8AF-4D49-9918-C4B5D901693E}.Release|Any CPU.ActiveCfg = Release|Any CPU
		{747EAF00-E8AF-4D49-9918-C4B5D901693E}.Release|Any CPU.Build.0 = Release|Any CPU
		{747EAF00-E8AF-4D49-9918-C4B5D901693E}.Release|ARM64.ActiveCfg = Release|Any CPU
		{747EAF00-E8AF-4D49-9918-C4B5D901693E}.Release|ARM64.Build.0 = Release|Any CPU
		{747EAF00-E8AF-4D49-9918-C4B5D901693E}.Release|x64.ActiveCfg = Release|Any CPU
		{747EAF00-E8AF-4D49-9918-C4B5D901693E}.Release|x64.Build.0 = Release|Any CPU
		{747EAF00-E8AF-4D49-9918-C4B5D901693E}.Release|x86.ActiveCfg = Release|Any CPU
		{747EAF00-E8AF-4D49-9918-C4B5D901693E}.Release|x86.Build.0 = Release|Any CPU
		{3A5505AA-0C58-445F-9F26-140D0F099B2E}.Debug|Any CPU.ActiveCfg = Debug|Any CPU
		{3A5505AA-0C58-445F-9F26-140D0F099B2E}.Debug|Any CPU.Build.0 = Debug|Any CPU
		{3A5505AA-0C58-445F-9F26-140D0F099B2E}.Debug|ARM64.ActiveCfg = Debug|Any CPU
		{3A5505AA-0C58-445F-9F26-140D0F099B2E}.Debug|ARM64.Build.0 = Debug|Any CPU
		{3A5505AA-0C58-445F-9F26-140D0F099B2E}.Debug|x64.ActiveCfg = Debug|Any CPU
		{3A5505AA-0C58-445F-9F26-140D0F099B2E}.Debug|x64.Build.0 = Debug|Any CPU
		{3A5505AA-0C58-445F-9F26-140D0F099B2E}.Debug|x86.ActiveCfg = Debug|Any CPU
		{3A5505AA-0C58-445F-9F26-140D0F099B2E}.Debug|x86.Build.0 = Debug|Any CPU
		{3A5505AA-0C58-445F-9F26-140D0F099B2E}.Release|Any CPU.ActiveCfg = Release|Any CPU
		{3A5505AA-0C58-445F-9F26-140D0F099B2E}.Release|Any CPU.Build.0 = Release|Any CPU
		{3A5505AA-0C58-445F-9F26-140D0F099B2E}.Release|ARM64.ActiveCfg = Release|Any CPU
		{3A5505AA-0C58-445F-9F26-140D0F099B2E}.Release|ARM64.Build.0 = Release|Any CPU
		{3A5505AA-0C58-445F-9F26-140D0F099B2E}.Release|x64.ActiveCfg = Release|Any CPU
		{3A5505AA-0C58-445F-9F26-140D0F099B2E}.Release|x64.Build.0 = Release|Any CPU
		{3A5505AA-0C58-445F-9F26-140D0F099B2E}.Release|x86.ActiveCfg = Release|Any CPU
		{3A5505AA-0C58-445F-9F26-140D0F099B2E}.Release|x86.Build.0 = Release|Any CPU
		{F97073FD-C7C3-438B-A48F-09CD2D25F222}.Debug|Any CPU.ActiveCfg = Debug|Any CPU
		{F97073FD-C7C3-438B-A48F-09CD2D25F222}.Debug|Any CPU.Build.0 = Debug|Any CPU
		{F97073FD-C7C3-438B-A48F-09CD2D25F222}.Debug|ARM64.ActiveCfg = Debug|Any CPU
		{F97073FD-C7C3-438B-A48F-09CD2D25F222}.Debug|ARM64.Build.0 = Debug|Any CPU
		{F97073FD-C7C3-438B-A48F-09CD2D25F222}.Debug|x64.ActiveCfg = Debug|Any CPU
		{F97073FD-C7C3-438B-A48F-09CD2D25F222}.Debug|x64.Build.0 = Debug|Any CPU
		{F97073FD-C7C3-438B-A48F-09CD2D25F222}.Debug|x86.ActiveCfg = Debug|Any CPU
		{F97073FD-C7C3-438B-A48F-09CD2D25F222}.Debug|x86.Build.0 = Debug|Any CPU
		{F97073FD-C7C3-438B-A48F-09CD2D25F222}.Release|Any CPU.ActiveCfg = Release|Any CPU
		{F97073FD-C7C3-438B-A48F-09CD2D25F222}.Release|Any CPU.Build.0 = Release|Any CPU
		{F97073FD-C7C3-438B-A48F-09CD2D25F222}.Release|ARM64.ActiveCfg = Release|Any CPU
		{F97073FD-C7C3-438B-A48F-09CD2D25F222}.Release|ARM64.Build.0 = Release|Any CPU
		{F97073FD-C7C3-438B-A48F-09CD2D25F222}.Release|x64.ActiveCfg = Release|Any CPU
		{F97073FD-C7C3-438B-A48F-09CD2D25F222}.Release|x64.Build.0 = Release|Any CPU
		{F97073FD-C7C3-438B-A48F-09CD2D25F222}.Release|x86.ActiveCfg = Release|Any CPU
		{F97073FD-C7C3-438B-A48F-09CD2D25F222}.Release|x86.Build.0 = Release|Any CPU
		{3BBECF5E-4FF0-457F-8EB6-EC300445BE19}.Debug|Any CPU.ActiveCfg = Debug|Any CPU
		{3BBECF5E-4FF0-457F-8EB6-EC300445BE19}.Debug|Any CPU.Build.0 = Debug|Any CPU
		{3BBECF5E-4FF0-457F-8EB6-EC300445BE19}.Debug|ARM64.ActiveCfg = Debug|Any CPU
		{3BBECF5E-4FF0-457F-8EB6-EC300445BE19}.Debug|ARM64.Build.0 = Debug|Any CPU
		{3BBECF5E-4FF0-457F-8EB6-EC300445BE19}.Debug|x64.ActiveCfg = Debug|Any CPU
		{3BBECF5E-4FF0-457F-8EB6-EC300445BE19}.Debug|x64.Build.0 = Debug|Any CPU
		{3BBECF5E-4FF0-457F-8EB6-EC300445BE19}.Debug|x86.ActiveCfg = Debug|Any CPU
		{3BBECF5E-4FF0-457F-8EB6-EC300445BE19}.Debug|x86.Build.0 = Debug|Any CPU
		{3BBECF5E-4FF0-457F-8EB6-EC300445BE19}.Release|Any CPU.ActiveCfg = Release|Any CPU
		{3BBECF5E-4FF0-457F-8EB6-EC300445BE19}.Release|Any CPU.Build.0 = Release|Any CPU
		{3BBECF5E-4FF0-457F-8EB6-EC300445BE19}.Release|ARM64.ActiveCfg = Release|Any CPU
		{3BBECF5E-4FF0-457F-8EB6-EC300445BE19}.Release|ARM64.Build.0 = Release|Any CPU
		{3BBECF5E-4FF0-457F-8EB6-EC300445BE19}.Release|x64.ActiveCfg = Release|Any CPU
		{3BBECF5E-4FF0-457F-8EB6-EC300445BE19}.Release|x64.Build.0 = Release|Any CPU
		{3BBECF5E-4FF0-457F-8EB6-EC300445BE19}.Release|x86.ActiveCfg = Release|Any CPU
		{3BBECF5E-4FF0-457F-8EB6-EC300445BE19}.Release|x86.Build.0 = Release|Any CPU
		{3EA67683-E4F9-46D2-B0DB-FB9B60BCA738}.Debug|Any CPU.ActiveCfg = Debug|x64
		{3EA67683-E4F9-46D2-B0DB-FB9B60BCA738}.Debug|Any CPU.Build.0 = Debug|x64
		{3EA67683-E4F9-46D2-B0DB-FB9B60BCA738}.Debug|Any CPU.Deploy.0 = Debug|x64
		{3EA67683-E4F9-46D2-B0DB-FB9B60BCA738}.Debug|ARM64.ActiveCfg = Debug|ARM64
		{3EA67683-E4F9-46D2-B0DB-FB9B60BCA738}.Debug|ARM64.Build.0 = Debug|ARM64
		{3EA67683-E4F9-46D2-B0DB-FB9B60BCA738}.Debug|ARM64.Deploy.0 = Debug|ARM64
		{3EA67683-E4F9-46D2-B0DB-FB9B60BCA738}.Debug|x64.ActiveCfg = Debug|x64
		{3EA67683-E4F9-46D2-B0DB-FB9B60BCA738}.Debug|x64.Build.0 = Debug|x64
		{3EA67683-E4F9-46D2-B0DB-FB9B60BCA738}.Debug|x64.Deploy.0 = Debug|x64
		{3EA67683-E4F9-46D2-B0DB-FB9B60BCA738}.Debug|x86.ActiveCfg = Debug|x86
		{3EA67683-E4F9-46D2-B0DB-FB9B60BCA738}.Debug|x86.Build.0 = Debug|x86
		{3EA67683-E4F9-46D2-B0DB-FB9B60BCA738}.Debug|x86.Deploy.0 = Debug|x86
		{3EA67683-E4F9-46D2-B0DB-FB9B60BCA738}.Release|Any CPU.ActiveCfg = Release|x64
		{3EA67683-E4F9-46D2-B0DB-FB9B60BCA738}.Release|Any CPU.Build.0 = Release|x64
		{3EA67683-E4F9-46D2-B0DB-FB9B60BCA738}.Release|Any CPU.Deploy.0 = Release|x64
		{3EA67683-E4F9-46D2-B0DB-FB9B60BCA738}.Release|ARM64.ActiveCfg = Release|ARM64
		{3EA67683-E4F9-46D2-B0DB-FB9B60BCA738}.Release|ARM64.Build.0 = Release|ARM64
		{3EA67683-E4F9-46D2-B0DB-FB9B60BCA738}.Release|ARM64.Deploy.0 = Release|ARM64
		{3EA67683-E4F9-46D2-B0DB-FB9B60BCA738}.Release|x64.ActiveCfg = Release|x64
		{3EA67683-E4F9-46D2-B0DB-FB9B60BCA738}.Release|x64.Build.0 = Release|x64
		{3EA67683-E4F9-46D2-B0DB-FB9B60BCA738}.Release|x64.Deploy.0 = Release|x64
		{3EA67683-E4F9-46D2-B0DB-FB9B60BCA738}.Release|x86.ActiveCfg = Release|x86
		{3EA67683-E4F9-46D2-B0DB-FB9B60BCA738}.Release|x86.Build.0 = Release|x86
		{3EA67683-E4F9-46D2-B0DB-FB9B60BCA738}.Release|x86.Deploy.0 = Release|x86
		{3964875C-B05C-4F45-A51A-A8686D56595C}.Debug|Any CPU.ActiveCfg = Debug|Any CPU
		{3964875C-B05C-4F45-A51A-A8686D56595C}.Debug|Any CPU.Build.0 = Debug|Any CPU
		{3964875C-B05C-4F45-A51A-A8686D56595C}.Debug|ARM64.ActiveCfg = Debug|Any CPU
		{3964875C-B05C-4F45-A51A-A8686D56595C}.Debug|ARM64.Build.0 = Debug|Any CPU
		{3964875C-B05C-4F45-A51A-A8686D56595C}.Debug|x64.ActiveCfg = Debug|Any CPU
		{3964875C-B05C-4F45-A51A-A8686D56595C}.Debug|x64.Build.0 = Debug|Any CPU
		{3964875C-B05C-4F45-A51A-A8686D56595C}.Debug|x86.ActiveCfg = Debug|Any CPU
		{3964875C-B05C-4F45-A51A-A8686D56595C}.Debug|x86.Build.0 = Debug|Any CPU
		{3964875C-B05C-4F45-A51A-A8686D56595C}.Release|Any CPU.ActiveCfg = Release|Any CPU
		{3964875C-B05C-4F45-A51A-A8686D56595C}.Release|Any CPU.Build.0 = Release|Any CPU
		{3964875C-B05C-4F45-A51A-A8686D56595C}.Release|ARM64.ActiveCfg = Release|Any CPU
		{3964875C-B05C-4F45-A51A-A8686D56595C}.Release|ARM64.Build.0 = Release|Any CPU
		{3964875C-B05C-4F45-A51A-A8686D56595C}.Release|x64.ActiveCfg = Release|Any CPU
		{3964875C-B05C-4F45-A51A-A8686D56595C}.Release|x64.Build.0 = Release|Any CPU
		{3964875C-B05C-4F45-A51A-A8686D56595C}.Release|x86.ActiveCfg = Release|Any CPU
		{3964875C-B05C-4F45-A51A-A8686D56595C}.Release|x86.Build.0 = Release|Any CPU
		{D7007CAB-C1BF-485A-8B68-8432CF6B34D3}.Debug|Any CPU.ActiveCfg = Debug|Any CPU
		{D7007CAB-C1BF-485A-8B68-8432CF6B34D3}.Debug|Any CPU.Build.0 = Debug|Any CPU
		{D7007CAB-C1BF-485A-8B68-8432CF6B34D3}.Debug|ARM64.ActiveCfg = Debug|Any CPU
		{D7007CAB-C1BF-485A-8B68-8432CF6B34D3}.Debug|ARM64.Build.0 = Debug|Any CPU
		{D7007CAB-C1BF-485A-8B68-8432CF6B34D3}.Debug|x64.ActiveCfg = Debug|Any CPU
		{D7007CAB-C1BF-485A-8B68-8432CF6B34D3}.Debug|x64.Build.0 = Debug|Any CPU
		{D7007CAB-C1BF-485A-8B68-8432CF6B34D3}.Debug|x86.ActiveCfg = Debug|Any CPU
		{D7007CAB-C1BF-485A-8B68-8432CF6B34D3}.Debug|x86.Build.0 = Debug|Any CPU
		{D7007CAB-C1BF-485A-8B68-8432CF6B34D3}.Release|Any CPU.ActiveCfg = Release|Any CPU
		{D7007CAB-C1BF-485A-8B68-8432CF6B34D3}.Release|Any CPU.Build.0 = Release|Any CPU
		{D7007CAB-C1BF-485A-8B68-8432CF6B34D3}.Release|ARM64.ActiveCfg = Release|Any CPU
		{D7007CAB-C1BF-485A-8B68-8432CF6B34D3}.Release|ARM64.Build.0 = Release|Any CPU
		{D7007CAB-C1BF-485A-8B68-8432CF6B34D3}.Release|x64.ActiveCfg = Release|Any CPU
		{D7007CAB-C1BF-485A-8B68-8432CF6B34D3}.Release|x64.Build.0 = Release|Any CPU
		{D7007CAB-C1BF-485A-8B68-8432CF6B34D3}.Release|x86.ActiveCfg = Release|Any CPU
		{D7007CAB-C1BF-485A-8B68-8432CF6B34D3}.Release|x86.Build.0 = Release|Any CPU
		{9A828B7F-F47E-4B50-B9CB-427F8347B469}.Debug|Any CPU.ActiveCfg = Debug|Any CPU
		{9A828B7F-F47E-4B50-B9CB-427F8347B469}.Debug|Any CPU.Build.0 = Debug|Any CPU
		{9A828B7F-F47E-4B50-B9CB-427F8347B469}.Debug|ARM64.ActiveCfg = Debug|Any CPU
		{9A828B7F-F47E-4B50-B9CB-427F8347B469}.Debug|ARM64.Build.0 = Debug|Any CPU
		{9A828B7F-F47E-4B50-B9CB-427F8347B469}.Debug|x64.ActiveCfg = Debug|Any CPU
		{9A828B7F-F47E-4B50-B9CB-427F8347B469}.Debug|x64.Build.0 = Debug|Any CPU
		{9A828B7F-F47E-4B50-B9CB-427F8347B469}.Debug|x86.ActiveCfg = Debug|Any CPU
		{9A828B7F-F47E-4B50-B9CB-427F8347B469}.Debug|x86.Build.0 = Debug|Any CPU
		{9A828B7F-F47E-4B50-B9CB-427F8347B469}.Release|Any CPU.ActiveCfg = Release|Any CPU
		{9A828B7F-F47E-4B50-B9CB-427F8347B469}.Release|Any CPU.Build.0 = Release|Any CPU
		{9A828B7F-F47E-4B50-B9CB-427F8347B469}.Release|ARM64.ActiveCfg = Release|Any CPU
		{9A828B7F-F47E-4B50-B9CB-427F8347B469}.Release|ARM64.Build.0 = Release|Any CPU
		{9A828B7F-F47E-4B50-B9CB-427F8347B469}.Release|x64.ActiveCfg = Release|Any CPU
		{9A828B7F-F47E-4B50-B9CB-427F8347B469}.Release|x64.Build.0 = Release|Any CPU
		{9A828B7F-F47E-4B50-B9CB-427F8347B469}.Release|x86.ActiveCfg = Release|Any CPU
		{9A828B7F-F47E-4B50-B9CB-427F8347B469}.Release|x86.Build.0 = Release|Any CPU
		{68EBC56D-AE92-4C02-B003-2EEAAFD06E69}.Debug|Any CPU.ActiveCfg = Debug|Any CPU
		{68EBC56D-AE92-4C02-B003-2EEAAFD06E69}.Debug|Any CPU.Build.0 = Debug|Any CPU
		{68EBC56D-AE92-4C02-B003-2EEAAFD06E69}.Debug|ARM64.ActiveCfg = Debug|Any CPU
		{68EBC56D-AE92-4C02-B003-2EEAAFD06E69}.Debug|ARM64.Build.0 = Debug|Any CPU
		{68EBC56D-AE92-4C02-B003-2EEAAFD06E69}.Debug|x64.ActiveCfg = Debug|Any CPU
		{68EBC56D-AE92-4C02-B003-2EEAAFD06E69}.Debug|x64.Build.0 = Debug|Any CPU
		{68EBC56D-AE92-4C02-B003-2EEAAFD06E69}.Debug|x86.ActiveCfg = Debug|Any CPU
		{68EBC56D-AE92-4C02-B003-2EEAAFD06E69}.Debug|x86.Build.0 = Debug|Any CPU
		{68EBC56D-AE92-4C02-B003-2EEAAFD06E69}.Release|Any CPU.ActiveCfg = Release|Any CPU
		{68EBC56D-AE92-4C02-B003-2EEAAFD06E69}.Release|Any CPU.Build.0 = Release|Any CPU
		{68EBC56D-AE92-4C02-B003-2EEAAFD06E69}.Release|ARM64.ActiveCfg = Release|Any CPU
		{68EBC56D-AE92-4C02-B003-2EEAAFD06E69}.Release|ARM64.Build.0 = Release|Any CPU
		{68EBC56D-AE92-4C02-B003-2EEAAFD06E69}.Release|x64.ActiveCfg = Release|Any CPU
		{68EBC56D-AE92-4C02-B003-2EEAAFD06E69}.Release|x64.Build.0 = Release|Any CPU
		{68EBC56D-AE92-4C02-B003-2EEAAFD06E69}.Release|x86.ActiveCfg = Release|Any CPU
		{68EBC56D-AE92-4C02-B003-2EEAAFD06E69}.Release|x86.Build.0 = Release|Any CPU
		{0AA679FD-AD37-4AF3-8E0A-3674F290F2F4}.Debug|Any CPU.ActiveCfg = Debug|Any CPU
		{0AA679FD-AD37-4AF3-8E0A-3674F290F2F4}.Debug|Any CPU.Build.0 = Debug|Any CPU
		{0AA679FD-AD37-4AF3-8E0A-3674F290F2F4}.Debug|ARM64.ActiveCfg = Debug|Any CPU
		{0AA679FD-AD37-4AF3-8E0A-3674F290F2F4}.Debug|ARM64.Build.0 = Debug|Any CPU
		{0AA679FD-AD37-4AF3-8E0A-3674F290F2F4}.Debug|x64.ActiveCfg = Debug|Any CPU
		{0AA679FD-AD37-4AF3-8E0A-3674F290F2F4}.Debug|x64.Build.0 = Debug|Any CPU
		{0AA679FD-AD37-4AF3-8E0A-3674F290F2F4}.Debug|x86.ActiveCfg = Debug|Any CPU
		{0AA679FD-AD37-4AF3-8E0A-3674F290F2F4}.Debug|x86.Build.0 = Debug|Any CPU
		{0AA679FD-AD37-4AF3-8E0A-3674F290F2F4}.Release|Any CPU.ActiveCfg = Release|Any CPU
		{0AA679FD-AD37-4AF3-8E0A-3674F290F2F4}.Release|Any CPU.Build.0 = Release|Any CPU
		{0AA679FD-AD37-4AF3-8E0A-3674F290F2F4}.Release|ARM64.ActiveCfg = Release|Any CPU
		{0AA679FD-AD37-4AF3-8E0A-3674F290F2F4}.Release|ARM64.Build.0 = Release|Any CPU
		{0AA679FD-AD37-4AF3-8E0A-3674F290F2F4}.Release|x64.ActiveCfg = Release|Any CPU
		{0AA679FD-AD37-4AF3-8E0A-3674F290F2F4}.Release|x64.Build.0 = Release|Any CPU
		{0AA679FD-AD37-4AF3-8E0A-3674F290F2F4}.Release|x86.ActiveCfg = Release|Any CPU
		{0AA679FD-AD37-4AF3-8E0A-3674F290F2F4}.Release|x86.Build.0 = Release|Any CPU
		{01A5011B-5DA7-45B7-8FA9-6160DD6BFB7F}.Debug|Any CPU.ActiveCfg = Debug|Any CPU
		{01A5011B-5DA7-45B7-8FA9-6160DD6BFB7F}.Debug|Any CPU.Build.0 = Debug|Any CPU
		{01A5011B-5DA7-45B7-8FA9-6160DD6BFB7F}.Debug|ARM64.ActiveCfg = Debug|Any CPU
		{01A5011B-5DA7-45B7-8FA9-6160DD6BFB7F}.Debug|ARM64.Build.0 = Debug|Any CPU
		{01A5011B-5DA7-45B7-8FA9-6160DD6BFB7F}.Debug|x64.ActiveCfg = Debug|Any CPU
		{01A5011B-5DA7-45B7-8FA9-6160DD6BFB7F}.Debug|x64.Build.0 = Debug|Any CPU
		{01A5011B-5DA7-45B7-8FA9-6160DD6BFB7F}.Debug|x86.ActiveCfg = Debug|Any CPU
		{01A5011B-5DA7-45B7-8FA9-6160DD6BFB7F}.Debug|x86.Build.0 = Debug|Any CPU
		{01A5011B-5DA7-45B7-8FA9-6160DD6BFB7F}.Release|Any CPU.ActiveCfg = Release|Any CPU
		{01A5011B-5DA7-45B7-8FA9-6160DD6BFB7F}.Release|Any CPU.Build.0 = Release|Any CPU
		{01A5011B-5DA7-45B7-8FA9-6160DD6BFB7F}.Release|ARM64.ActiveCfg = Release|Any CPU
		{01A5011B-5DA7-45B7-8FA9-6160DD6BFB7F}.Release|ARM64.Build.0 = Release|Any CPU
		{01A5011B-5DA7-45B7-8FA9-6160DD6BFB7F}.Release|x64.ActiveCfg = Release|Any CPU
		{01A5011B-5DA7-45B7-8FA9-6160DD6BFB7F}.Release|x64.Build.0 = Release|Any CPU
		{01A5011B-5DA7-45B7-8FA9-6160DD6BFB7F}.Release|x86.ActiveCfg = Release|Any CPU
		{01A5011B-5DA7-45B7-8FA9-6160DD6BFB7F}.Release|x86.Build.0 = Release|Any CPU
		{DF9C381E-7588-43A0-BB67-87B5AA7360D5}.Debug|Any CPU.ActiveCfg = Debug|Any CPU
		{DF9C381E-7588-43A0-BB67-87B5AA7360D5}.Debug|Any CPU.Build.0 = Debug|Any CPU
		{DF9C381E-7588-43A0-BB67-87B5AA7360D5}.Debug|ARM64.ActiveCfg = Debug|Any CPU
		{DF9C381E-7588-43A0-BB67-87B5AA7360D5}.Debug|ARM64.Build.0 = Debug|Any CPU
		{DF9C381E-7588-43A0-BB67-87B5AA7360D5}.Debug|x64.ActiveCfg = Debug|Any CPU
		{DF9C381E-7588-43A0-BB67-87B5AA7360D5}.Debug|x64.Build.0 = Debug|Any CPU
		{DF9C381E-7588-43A0-BB67-87B5AA7360D5}.Debug|x86.ActiveCfg = Debug|Any CPU
		{DF9C381E-7588-43A0-BB67-87B5AA7360D5}.Debug|x86.Build.0 = Debug|Any CPU
		{DF9C381E-7588-43A0-BB67-87B5AA7360D5}.Release|Any CPU.ActiveCfg = Release|Any CPU
		{DF9C381E-7588-43A0-BB67-87B5AA7360D5}.Release|Any CPU.Build.0 = Release|Any CPU
		{DF9C381E-7588-43A0-BB67-87B5AA7360D5}.Release|ARM64.ActiveCfg = Release|Any CPU
		{DF9C381E-7588-43A0-BB67-87B5AA7360D5}.Release|ARM64.Build.0 = Release|Any CPU
		{DF9C381E-7588-43A0-BB67-87B5AA7360D5}.Release|x64.ActiveCfg = Release|Any CPU
		{DF9C381E-7588-43A0-BB67-87B5AA7360D5}.Release|x64.Build.0 = Release|Any CPU
		{DF9C381E-7588-43A0-BB67-87B5AA7360D5}.Release|x86.ActiveCfg = Release|Any CPU
		{DF9C381E-7588-43A0-BB67-87B5AA7360D5}.Release|x86.Build.0 = Release|Any CPU
		{CF371970-08AA-4634-BD52-A9C9D12376C6}.Debug|Any CPU.ActiveCfg = Debug|Any CPU
		{CF371970-08AA-4634-BD52-A9C9D12376C6}.Debug|Any CPU.Build.0 = Debug|Any CPU
		{CF371970-08AA-4634-BD52-A9C9D12376C6}.Debug|ARM64.ActiveCfg = Debug|Any CPU
		{CF371970-08AA-4634-BD52-A9C9D12376C6}.Debug|ARM64.Build.0 = Debug|Any CPU
		{CF371970-08AA-4634-BD52-A9C9D12376C6}.Debug|x64.ActiveCfg = Debug|Any CPU
		{CF371970-08AA-4634-BD52-A9C9D12376C6}.Debug|x64.Build.0 = Debug|Any CPU
		{CF371970-08AA-4634-BD52-A9C9D12376C6}.Debug|x86.ActiveCfg = Debug|Any CPU
		{CF371970-08AA-4634-BD52-A9C9D12376C6}.Debug|x86.Build.0 = Debug|Any CPU
		{CF371970-08AA-4634-BD52-A9C9D12376C6}.Release|Any CPU.ActiveCfg = Release|Any CPU
		{CF371970-08AA-4634-BD52-A9C9D12376C6}.Release|Any CPU.Build.0 = Release|Any CPU
		{CF371970-08AA-4634-BD52-A9C9D12376C6}.Release|ARM64.ActiveCfg = Release|Any CPU
		{CF371970-08AA-4634-BD52-A9C9D12376C6}.Release|ARM64.Build.0 = Release|Any CPU
		{CF371970-08AA-4634-BD52-A9C9D12376C6}.Release|x64.ActiveCfg = Release|Any CPU
		{CF371970-08AA-4634-BD52-A9C9D12376C6}.Release|x64.Build.0 = Release|Any CPU
		{CF371970-08AA-4634-BD52-A9C9D12376C6}.Release|x86.ActiveCfg = Release|Any CPU
		{CF371970-08AA-4634-BD52-A9C9D12376C6}.Release|x86.Build.0 = Release|Any CPU
	EndGlobalSection
	GlobalSection(SolutionProperties) = preSolution
		HideSolutionNode = FALSE
	EndGlobalSection
	GlobalSection(NestedProjects) = preSolution
		{D29DB15C-9945-4C9F-B002-75F27715FBD5} = {42D92E6E-7CE4-4B04-A413-767964C1B674}
		{73AE900D-FA4C-4270-BB95-45D792DA5410} = {42D92E6E-7CE4-4B04-A413-767964C1B674}
		{69DCA039-C79D-4E1E-BDF5-EAA00D54A14B} = {73AE900D-FA4C-4270-BB95-45D792DA5410}
		{55DEF277-300B-40C6-8C69-8FEC98610643} = {73AE900D-FA4C-4270-BB95-45D792DA5410}
		{3B23908B-4ECE-4CCC-A5C2-AC7455E666EA} = {D29DB15C-9945-4C9F-B002-75F27715FBD5}
		{9EB3AAA2-5171-4DAA-8564-5052F68CA401} = {6C624FEB-2B77-4B43-9144-720566ECD3F6}
		{2E8E4E05-8D95-4B15-9ADC-91E695794862} = {6C624FEB-2B77-4B43-9144-720566ECD3F6}
		{747EAF00-E8AF-4D49-9918-C4B5D901693E} = {A93AFC75-089F-43C9-8ED3-2B1589715566}
		{3A5505AA-0C58-445F-9F26-140D0F099B2E} = {9841C93B-6235-45A9-9A21-C99E46079EED}
		{F97073FD-C7C3-438B-A48F-09CD2D25F222} = {8B880D84-2B97-4B61-AC77-7231782BFB19}
		{3BBECF5E-4FF0-457F-8EB6-EC300445BE19} = {8B880D84-2B97-4B61-AC77-7231782BFB19}
		{8B880D84-2B97-4B61-AC77-7231782BFB19} = {E51507D6-BD5C-4625-9195-3E30DE592A45}
		{9C36B32E-9960-4E73-85C6-B96A0045D18C} = {8B880D84-2B97-4B61-AC77-7231782BFB19}
		{3EA67683-E4F9-46D2-B0DB-FB9B60BCA738} = {9C36B32E-9960-4E73-85C6-B96A0045D18C}
		{3964875C-B05C-4F45-A51A-A8686D56595C} = {A264206B-C535-4034-B791-5ED3D7A2FBEC}
		{9A828B7F-F47E-4B50-B9CB-427F8347B469} = {E51507D6-BD5C-4625-9195-3E30DE592A45}
		{68EBC56D-AE92-4C02-B003-2EEAAFD06E69} = {A93AFC75-089F-43C9-8ED3-2B1589715566}
		{0AA679FD-AD37-4AF3-8E0A-3674F290F2F4} = {5755C057-0BAF-4E16-BB27-00FD9757D965}
		{01A5011B-5DA7-45B7-8FA9-6160DD6BFB7F} = {5755C057-0BAF-4E16-BB27-00FD9757D965}
		{DF9C381E-7588-43A0-BB67-87B5AA7360D5} = {A93AFC75-089F-43C9-8ED3-2B1589715566}
		{CC0529B0-7AD3-47D6-B0E1-7AED54B122B8} = {A93AFC75-089F-43C9-8ED3-2B1589715566}
		{CF371970-08AA-4634-BD52-A9C9D12376C6} = {CC0529B0-7AD3-47D6-B0E1-7AED54B122B8}
	EndGlobalSection
	GlobalSection(ExtensibilityGlobals) = postSolution
		SolutionGuid = {BB4243A9-EBC9-4BD8-8FB6-D5A80D6B3027}
	EndGlobalSection
EndGlobal
