
Microsoft Visual Studio Solution File, Format Version 12.00
# Visual Studio Version 17
VisualStudioVersion = 17.6.33815.320
MinimumVisualStudioVersion = 10.0.40219.1
Project("{2150E333-8FDC-42A3-9474-1A3956D46DE8}") = "Console", "Console", "{42D92E6E-7CE4-4B04-A413-767964C1B674}"
EndProject
Project("{2150E333-8FDC-42A3-9474-1A3956D46DE8}") = "UnitTest", "UnitTest", "{D29DB15C-9945-4C9F-B002-75F27715FBD5}"
EndProject
Project("{2150E333-8FDC-42A3-9474-1A3956D46DE8}") = "Library", "Library", "{73AE900D-FA4C-4270-BB95-45D792DA5410}"
EndProject
Project("{9A19103F-16F7-4668-BE54-9A1E7A4F7556}") = "EUtility.Console.Message", "EUtility.Console.BottomMessage\EUtility.Console.Message.csproj", "{69DCA039-C79D-4E1E-BDF5-EAA00D54A14B}"
EndProject
Project("{9A19103F-16F7-4668-BE54-9A1E7A4F7556}") = "EUtility.Console.Menu", "EUtility\EUtility.Console.Menu.csproj", "{55DEF277-300B-40C6-8C69-8FEC98610643}"
EndProject
Project("{FAE04EC0-301F-11D3-BF4B-00C04F79EFBC}") = "EUtility.Console.Message.UnitTest", "EUtility.Console.BottomMessage.UnitTest\EUtility.Console.Message.UnitTest.csproj", "{3B23908B-4ECE-4CCC-A5C2-AC7455E666EA}"
EndProject
Project("{2150E333-8FDC-42A3-9474-1A3956D46DE8}") = "UnitTestLib", "UnitTestLib", "{6C624FEB-2B77-4B43-9144-720566ECD3F6}"
EndProject
Project("{FAE04EC0-301F-11D3-BF4B-00C04F79EFBC}") = "EUtility.UnitTestLib.LogTest", "EUtility.UnitTestLib.LogTest\EUtility.UnitTestLib.LogTest.csproj", "{9EB3AAA2-5171-4DAA-8564-5052F68CA401}"
EndProject
Global
	GlobalSection(SolutionConfigurationPlatforms) = preSolution
		Debug|Any CPU = Debug|Any CPU
		Release|Any CPU = Release|Any CPU
	EndGlobalSection
	GlobalSection(ProjectConfigurationPlatforms) = postSolution
		{69DCA039-C79D-4E1E-BDF5-EAA00D54A14B}.Debug|Any CPU.ActiveCfg = Debug|Any CPU
		{69DCA039-C79D-4E1E-BDF5-EAA00D54A14B}.Debug|Any CPU.Build.0 = Debug|Any CPU
		{69DCA039-C79D-4E1E-BDF5-EAA00D54A14B}.Release|Any CPU.ActiveCfg = Release|Any CPU
		{69DCA039-C79D-4E1E-BDF5-EAA00D54A14B}.Release|Any CPU.Build.0 = Release|Any CPU
		{55DEF277-300B-40C6-8C69-8FEC98610643}.Debug|Any CPU.ActiveCfg = Debug|Any CPU
		{55DEF277-300B-40C6-8C69-8FEC98610643}.Debug|Any CPU.Build.0 = Debug|Any CPU
		{55DEF277-300B-40C6-8C69-8FEC98610643}.Release|Any CPU.ActiveCfg = Release|Any CPU
		{55DEF277-300B-40C6-8C69-8FEC98610643}.Release|Any CPU.Build.0 = Release|Any CPU
		{3B23908B-4ECE-4CCC-A5C2-AC7455E666EA}.Debug|Any CPU.ActiveCfg = Debug|Any CPU
		{3B23908B-4ECE-4CCC-A5C2-AC7455E666EA}.Debug|Any CPU.Build.0 = Debug|Any CPU
		{3B23908B-4ECE-4CCC-A5C2-AC7455E666EA}.Release|Any CPU.ActiveCfg = Release|Any CPU
		{3B23908B-4ECE-4CCC-A5C2-AC7455E666EA}.Release|Any CPU.Build.0 = Release|Any CPU
		{9EB3AAA2-5171-4DAA-8564-5052F68CA401}.Debug|Any CPU.ActiveCfg = Debug|Any CPU
		{9EB3AAA2-5171-4DAA-8564-5052F68CA401}.Debug|Any CPU.Build.0 = Debug|Any CPU
		{9EB3AAA2-5171-4DAA-8564-5052F68CA401}.Release|Any CPU.ActiveCfg = Release|Any CPU
		{9EB3AAA2-5171-4DAA-8564-5052F68CA401}.Release|Any CPU.Build.0 = Release|Any CPU
	EndGlobalSection
	GlobalSection(SolutionProperties) = preSolution
		HideSolutionNode = FALSE
	EndGlobalSection
	GlobalSection(NestedProjects) = preSolution
		{D29DB15C-9945-4C9F-B002-75F27715FBD5} = {42D92E6E-7CE4-4B04-A413-767964C1B674}
		{73AE900D-FA4C-4270-BB95-45D792DA5410} = {42D92E6E-7CE4-4B04-A413-767964C1B674}
		{69DCA039-C79D-4E1E-BDF5-EAA00D54A14B} = {73AE900D-FA4C-4270-BB95-45D792DA5410}
		{55DEF277-300B-40C6-8C69-8FEC98610643} = {73AE900D-FA4C-4270-BB95-45D792DA5410}
		{3B23908B-4ECE-4CCC-A5C2-AC7455E666EA} = {D29DB15C-9945-4C9F-B002-75F27715FBD5}
		{9EB3AAA2-5171-4DAA-8564-5052F68CA401} = {6C624FEB-2B77-4B43-9144-720566ECD3F6}
	EndGlobalSection
	GlobalSection(ExtensibilityGlobals) = postSolution
		SolutionGuid = {BB4243A9-EBC9-4BD8-8FB6-D5A80D6B3027}
	EndGlobalSection
EndGlobal
